hash: b1646951e718642abe720b66f5bae83551147a519229378176074881d151402d
updated: 2017-09-05T19:51:32.481707915+09:00
imports:
- name: github.com/elazarl/goproxy
  version: aacba83f36a55ac31cbb71c06547a328c0cd1604
- name: github.com/labstack/echo
  version: cec7629194fe4bf83b0c72d9a02d340c7a1468ac
  vcs: git
- name: github.com/labstack/gommon
  version: 779b8a8b9850a97acba6a3fe20feb628c39e17c1
  subpackages:
  - color
  - log
- name: github.com/mattn/go-colorable
  version: 6c0fd4aa6ec5818d5e3ea9e03ae436972a6c5a9a
- name: github.com/mattn/go-isatty
  version: fc9e8d8ef48496124e79ae0df75490096eccf6fe
- name: github.com/valyala/bytebufferpool
  version: e746df99fe4a3986f4d4f79e13c1e0117ce9c2f7
- name: github.com/valyala/fasttemplate
  version: dcecefd839c4193db0d35b88ec65b4c12d360ab0
- name: golang.org/x/crypto
  version: b176d7def5d71bdd214203491f89843ed217f420
  subpackages:
  - acme
  - acme/autocert
- name: golang.org/x/sys
  version: b0e0dd72976dc482b6cb37c5640440f876ac1907
  subpackages:
  - unix
testImports:
- name: github.com/jarcoal/httpmock
  version: 4442edb3db31196622da56482fd8d0fa375fba4d
